// !$*UTF8*$!
{
	archiveVersion = 1;
	classes = {
	};
	objectVersion = 56;
	objects = {

/* Begin PBXBuildFile section */
		8323C4C92A52F27F002E961A /* ZooAppApp.swift in Sources */ = {isa = PBXBuildFile; fileRef = 8323C4C82A52F27F002E961A /* ZooAppApp.swift */; };
		8323C4CB2A52F27F002E961A /* ContentView.swift in Sources */ = {isa = PBXBuildFile; fileRef = 8323C4CA2A52F27F002E961A /* ContentView.swift */; };
		8323C4CD2A52F281002E961A /* Assets.xcassets in Resources */ = {isa = PBXBuildFile; fileRef = 8323C4CC2A52F281002E961A /* Assets.xcassets */; };
		8323C4D02A52F281002E961A /* Preview Assets.xcassets in Resources */ = {isa = PBXBuildFile; fileRef = 8323C4CF2A52F281002E961A /* Preview Assets.xcassets */; };
		8323C4E12A52F5E9002E961A /* giraffe.mp4 in Resources */ = {isa = PBXBuildFile; fileRef = 8323C4D72A52F5E9002E961A /* giraffe.mp4 */; };
		8323C4E22A52F5E9002E961A /* ostrich.mp4 in Resources */ = {isa = PBXBuildFile; fileRef = 8323C4D82A52F5E9002E961A /* ostrich.mp4 */; };
		8323C4E32A52F5E9002E961A /* zebra.mp4 in Resources */ = {isa = PBXBuildFile; fileRef = 8323C4D92A52F5E9002E961A /* zebra.mp4 */; };
		8323C4E42A52F5E9002E961A /* hippo.mp4 in Resources */ = {isa = PBXBuildFile; fileRef = 8323C4DA2A52F5E9002E961A /* hippo.mp4 */; };
		8323C4E52A52F5E9002E961A /* cheetah.mp4 in Resources */ = {isa = PBXBuildFile; fileRef = 8323C4DB2A52F5E9002E961A /* cheetah.mp4 */; };
		8323C4E62A52F5E9002E961A /* gorilla.mp4 in Resources */ = {isa = PBXBuildFile; fileRef = 8323C4DC2A52F5E9002E961A /* gorilla.mp4 */; };
		8323C4E72A52F5E9002E961A /* elephant.mp4 in Resources */ = {isa = PBXBuildFile; fileRef = 8323C4DD2A52F5E9002E961A /* elephant.mp4 */; };
		8323C4E82A52F5E9002E961A /* lioness.mp4 in Resources */ = {isa = PBXBuildFile; fileRef = 8323C4DE2A52F5E9002E961A /* lioness.mp4 */; };
		8323C4E92A52F5E9002E961A /* lion.mp4 in Resources */ = {isa = PBXBuildFile; fileRef = 8323C4DF2A52F5E9002E961A /* lion.mp4 */; };
		8323C4EA2A52F5E9002E961A /* rhino.mp4 in Resources */ = {isa = PBXBuildFile; fileRef = 8323C4E02A52F5E9002E961A /* rhino.mp4 */; };
		8323C4F02A52F63E002E961A /* locations.json in Resources */ = {isa = PBXBuildFile; fileRef = 8323C4EC2A52F63E002E961A /* locations.json */; };
		8323C4F12A52F63E002E961A /* covers.json in Resources */ = {isa = PBXBuildFile; fileRef = 8323C4ED2A52F63E002E961A /* covers.json */; };
		8323C4F22A52F63E002E961A /* animals.json in Resources */ = {isa = PBXBuildFile; fileRef = 8323C4EE2A52F63E002E961A /* animals.json */; };
		8323C4F32A52F63E002E961A /* videos.json in Resources */ = {isa = PBXBuildFile; fileRef = 8323C4EF2A52F63E002E961A /* videos.json */; };
		8323C4F62A52F8A0002E961A /* VideoListView.swift in Sources */ = {isa = PBXBuildFile; fileRef = 8323C4F52A52F8A0002E961A /* VideoListView.swift */; };
		8323C4F82A52F8B8002E961A /* MapView.swift in Sources */ = {isa = PBXBuildFile; fileRef = 8323C4F72A52F8B8002E961A /* MapView.swift */; };
		8323C4FA2A52F8D2002E961A /* GalleryView.swift in Sources */ = {isa = PBXBuildFile; fileRef = 8323C4F92A52F8D2002E961A /* GalleryView.swift */; };
		8323C4FC2A52F8DD002E961A /* MainView.swift in Sources */ = {isa = PBXBuildFile; fileRef = 8323C4FB2A52F8DD002E961A /* MainView.swift */; };
		8323C5022A52FCB2002E961A /* SliderView.swift in Sources */ = {isa = PBXBuildFile; fileRef = 8323C5012A52FCB2002E961A /* SliderView.swift */; };
		8323C5052A5300FB002E961A /* SliderModel.swift in Sources */ = {isa = PBXBuildFile; fileRef = 8323C5042A5300FB002E961A /* SliderModel.swift */; };
		8323C5082A530336002E961A /* CodableBundleExtension.swift in Sources */ = {isa = PBXBuildFile; fileRef = 8323C5072A530335002E961A /* CodableBundleExtension.swift */; };
		8323C50A2A53099A002E961A /* AnimalsModel.swift in Sources */ = {isa = PBXBuildFile; fileRef = 8323C5092A53099A002E961A /* AnimalsModel.swift */; };
		8323C50C2A5309EE002E961A /* AnimalListView.swift in Sources */ = {isa = PBXBuildFile; fileRef = 8323C50B2A5309EE002E961A /* AnimalListView.swift */; };
		8323C50E2A531146002E961A /* AnimalDetail.swift in Sources */ = {isa = PBXBuildFile; fileRef = 8323C50D2A531146002E961A /* AnimalDetail.swift */; };
/* End PBXBuildFile section */

/* Begin PBXFileReference section */
		8323C4C52A52F27F002E961A /* ZooApp.app */ = {isa = PBXFileReference; explicitFileType = wrapper.application; includeInIndex = 0; path = ZooApp.app; sourceTree = BUILT_PRODUCTS_DIR; };
		8323C4C82A52F27F002E961A /* ZooAppApp.swift */ = {isa = PBXFileReference; lastKnownFileType = sourcecode.swift; path = ZooAppApp.swift; sourceTree = "<group>"; };
		8323C4CA2A52F27F002E961A /* ContentView.swift */ = {isa = PBXFileReference; lastKnownFileType = sourcecode.swift; path = ContentView.swift; sourceTree = "<group>"; };
		8323C4CC2A52F281002E961A /* Assets.xcassets */ = {isa = PBXFileReference; lastKnownFileType = folder.assetcatalog; path = Assets.xcassets; sourceTree = "<group>"; };
		8323C4CF2A52F281002E961A /* Preview Assets.xcassets */ = {isa = PBXFileReference; lastKnownFileType = folder.assetcatalog; path = "Preview Assets.xcassets"; sourceTree = "<group>"; };
		8323C4D72A52F5E9002E961A /* giraffe.mp4 */ = {isa = PBXFileReference; lastKnownFileType = file; path = giraffe.mp4; sourceTree = "<group>"; };
		8323C4D82A52F5E9002E961A /* ostrich.mp4 */ = {isa = PBXFileReference; lastKnownFileType = file; path = ostrich.mp4; sourceTree = "<group>"; };
		8323C4D92A52F5E9002E961A /* zebra.mp4 */ = {isa = PBXFileReference; lastKnownFileType = file; path = zebra.mp4; sourceTree = "<group>"; };
		8323C4DA2A52F5E9002E961A /* hippo.mp4 */ = {isa = PBXFileReference; lastKnownFileType = file; path = hippo.mp4; sourceTree = "<group>"; };
		8323C4DB2A52F5E9002E961A /* cheetah.mp4 */ = {isa = PBXFileReference; lastKnownFileType = file; path = cheetah.mp4; sourceTree = "<group>"; };
		8323C4DC2A52F5E9002E961A /* gorilla.mp4 */ = {isa = PBXFileReference; lastKnownFileType = file; path = gorilla.mp4; sourceTree = "<group>"; };
		8323C4DD2A52F5E9002E961A /* elephant.mp4 */ = {isa = PBXFileReference; lastKnownFileType = file; path = elephant.mp4; sourceTree = "<group>"; };
		8323C4DE2A52F5E9002E961A /* lioness.mp4 */ = {isa = PBXFileReference; lastKnownFileType = file; path = lioness.mp4; sourceTree = "<group>"; };
		8323C4DF2A52F5E9002E961A /* lion.mp4 */ = {isa = PBXFileReference; lastKnownFileType = file; path = lion.mp4; sourceTree = "<group>"; };
		8323C4E02A52F5E9002E961A /* rhino.mp4 */ = {isa = PBXFileReference; lastKnownFileType = file; path = rhino.mp4; sourceTree = "<group>"; };
		8323C4EC2A52F63E002E961A /* locations.json */ = {isa = PBXFileReference; fileEncoding = 4; lastKnownFileType = text.json; path = locations.json; sourceTree = "<group>"; };
		8323C4ED2A52F63E002E961A /* covers.json */ = {isa = PBXFileReference; fileEncoding = 4; lastKnownFileType = text.json; path = covers.json; sourceTree = "<group>"; };
		8323C4EE2A52F63E002E961A /* animals.json */ = {isa = PBXFileReference; fileEncoding = 4; lastKnownFileType = text.json; path = animals.json; sourceTree = "<group>"; };
		8323C4EF2A52F63E002E961A /* videos.json */ = {isa = PBXFileReference; fileEncoding = 4; lastKnownFileType = text.json; path = videos.json; sourceTree = "<group>"; };
		8323C4F42A52F701002E961A /* Info.plist */ = {isa = PBXFileReference; lastKnownFileType = text.plist; path = Info.plist; sourceTree = "<group>"; };
		8323C4F52A52F8A0002E961A /* VideoListView.swift */ = {isa = PBXFileReference; lastKnownFileType = sourcecode.swift; path = VideoListView.swift; sourceTree = "<group>"; };
		8323C4F72A52F8B8002E961A /* MapView.swift */ = {isa = PBXFileReference; lastKnownFileType = sourcecode.swift; path = MapView.swift; sourceTree = "<group>"; };
		8323C4F92A52F8D2002E961A /* GalleryView.swift */ = {isa = PBXFileReference; lastKnownFileType = sourcecode.swift; path = GalleryView.swift; sourceTree = "<group>"; };
		8323C4FB2A52F8DD002E961A /* MainView.swift */ = {isa = PBXFileReference; lastKnownFileType = sourcecode.swift; path = MainView.swift; sourceTree = "<group>"; };
		8323C5012A52FCB2002E961A /* SliderView.swift */ = {isa = PBXFileReference; lastKnownFileType = sourcecode.swift; path = SliderView.swift; sourceTree = "<group>"; };
		8323C5042A5300FB002E961A /* SliderModel.swift */ = {isa = PBXFileReference; lastKnownFileType = sourcecode.swift; path = SliderModel.swift; sourceTree = "<group>"; };
		8323C5072A530335002E961A /* CodableBundleExtension.swift */ = {isa = PBXFileReference; lastKnownFileType = sourcecode.swift; path = CodableBundleExtension.swift; sourceTree = "<group>"; };
		8323C5092A53099A002E961A /* AnimalsModel.swift */ = {isa = PBXFileReference; lastKnownFileType = sourcecode.swift; path = AnimalsModel.swift; sourceTree = "<group>"; };
		8323C50B2A5309EE002E961A /* AnimalListView.swift */ = {isa = PBXFileReference; lastKnownFileType = sourcecode.swift; path = AnimalListView.swift; sourceTree = "<group>"; };
		8323C50D2A531146002E961A /* AnimalDetail.swift */ = {isa = PBXFileReference; lastKnownFileType = sourcecode.swift; path = AnimalDetail.swift; sourceTree = "<group>"; };
/* End PBXFileReference section */

/* Begin PBXFrameworksBuildPhase section */
		8323C4C22A52F27F002E961A /* Frameworks */ = {
			isa = PBXFrameworksBuildPhase;
			buildActionMask = 2147483647;
			files = (
			);
			runOnlyForDeploymentPostprocessing = 0;
		};
/* End PBXFrameworksBuildPhase section */

/* Begin PBXGroup section */
		8323C4BC2A52F27F002E961A = {
			isa = PBXGroup;
			children = (
				8323C4C72A52F27F002E961A /* ZooApp */,
				8323C4C62A52F27F002E961A /* Products */,
			);
			sourceTree = "<group>";
		};
		8323C4C62A52F27F002E961A /* Products */ = {
			isa = PBXGroup;
			children = (
				8323C4C52A52F27F002E961A /* ZooApp.app */,
			);
			name = Products;
			sourceTree = "<group>";
		};
		8323C4C72A52F27F002E961A /* ZooApp */ = {
			isa = PBXGroup;
			children = (
				8323C4F42A52F701002E961A /* Info.plist */,
				8323C5062A530326002E961A /* extensions */,
				8323C4D62A52F5E9002E961A /* video */,
				8323C4EB2A52F63E002E961A /* data */,
				8323C5032A5300C5002E961A /* models */,
				8323C5002A52FC8E002E961A /* ui */,
				8323C4FD2A52FC4E002E961A /* views */,
				8323C4CA2A52F27F002E961A /* ContentView.swift */,
				8323C4C82A52F27F002E961A /* ZooAppApp.swift */,
				8323C4CC2A52F281002E961A /* Assets.xcassets */,
				8323C4CE2A52F281002E961A /* Preview Content */,
			);
			path = ZooApp;
			sourceTree = "<group>";
		};
		8323C4CE2A52F281002E961A /* Preview Content */ = {
			isa = PBXGroup;
			children = (
				8323C4CF2A52F281002E961A /* Preview Assets.xcassets */,
			);
			path = "Preview Content";
			sourceTree = "<group>";
		};
		8323C4D62A52F5E9002E961A /* video */ = {
			isa = PBXGroup;
			children = (
				8323C4D72A52F5E9002E961A /* giraffe.mp4 */,
				8323C4D82A52F5E9002E961A /* ostrich.mp4 */,
				8323C4D92A52F5E9002E961A /* zebra.mp4 */,
				8323C4DA2A52F5E9002E961A /* hippo.mp4 */,
				8323C4DB2A52F5E9002E961A /* cheetah.mp4 */,
				8323C4DC2A52F5E9002E961A /* gorilla.mp4 */,
				8323C4DD2A52F5E9002E961A /* elephant.mp4 */,
				8323C4DE2A52F5E9002E961A /* lioness.mp4 */,
				8323C4DF2A52F5E9002E961A /* lion.mp4 */,
				8323C4E02A52F5E9002E961A /* rhino.mp4 */,
			);
			path = video;
			sourceTree = "<group>";
		};
		8323C4EB2A52F63E002E961A /* data */ = {
			isa = PBXGroup;
			children = (
				8323C4EC2A52F63E002E961A /* locations.json */,
				8323C4ED2A52F63E002E961A /* covers.json */,
				8323C4EE2A52F63E002E961A /* animals.json */,
				8323C4EF2A52F63E002E961A /* videos.json */,
			);
			path = data;
			sourceTree = "<group>";
		};
		8323C4FD2A52FC4E002E961A /* views */ = {
			isa = PBXGroup;
			children = (
				8323C4F52A52F8A0002E961A /* VideoListView.swift */,
				8323C4F72A52F8B8002E961A /* MapView.swift */,
				8323C4F92A52F8D2002E961A /* GalleryView.swift */,
				8323C4FB2A52F8DD002E961A /* MainView.swift */,
			);
			path = views;
			sourceTree = "<group>";
		};
		8323C5002A52FC8E002E961A /* ui */ = {
			isa = PBXGroup;
			children = (
				8323C5012A52FCB2002E961A /* SliderView.swift */,
				8323C50B2A5309EE002E961A /* AnimalListView.swift */,
				8323C50D2A531146002E961A /* AnimalDetail.swift */,
			);
			path = ui;
			sourceTree = "<group>";
		};
		8323C5032A5300C5002E961A /* models */ = {
			isa = PBXGroup;
			children = (
				8323C5042A5300FB002E961A /* SliderModel.swift */,
				8323C5092A53099A002E961A /* AnimalsModel.swift */,
			);
			path = models;
			sourceTree = "<group>";
		};
		8323C5062A530326002E961A /* extensions */ = {
			isa = PBXGroup;
			children = (
				8323C5072A530335002E961A /* CodableBundleExtension.swift */,
			);
			path = extensions;
			sourceTree = "<group>";
		};
/* End PBXGroup section */

/* Begin PBXNativeTarget section */
		8323C4C42A52F27F002E961A /* ZooApp */ = {
			isa = PBXNativeTarget;
			buildConfigurationList = 8323C4D32A52F281002E961A /* Build configuration list for PBXNativeTarget "ZooApp" */;
			buildPhases = (
				8323C4C12A52F27F002E961A /* Sources */,
				8323C4C22A52F27F002E961A /* Frameworks */,
				8323C4C32A52F27F002E961A /* Resources */,
			);
			buildRules = (
			);
			dependencies = (
			);
			name = ZooApp;
			productName = ZooApp;
			productReference = 8323C4C52A52F27F002E961A /* ZooApp.app */;
			productType = "com.apple.product-type.application";
		};
/* End PBXNativeTarget section */

/* Begin PBXProject section */
		8323C4BD2A52F27F002E961A /* Project object */ = {
			isa = PBXProject;
			attributes = {
				BuildIndependentTargetsInParallel = 1;
				LastSwiftUpdateCheck = 1430;
				LastUpgradeCheck = 1430;
				TargetAttributes = {
					8323C4C42A52F27F002E961A = {
						CreatedOnToolsVersion = 14.3.1;
					};
				};
			};
			buildConfigurationList = 8323C4C02A52F27F002E961A /* Build configuration list for PBXProject "ZooApp" */;
			compatibilityVersion = "Xcode 14.0";
			developmentRegion = en;
			hasScannedForEncodings = 0;
			knownRegions = (
				en,
				Base,
			);
			mainGroup = 8323C4BC2A52F27F002E961A;
			productRefGroup = 8323C4C62A52F27F002E961A /* Products */;
			projectDirPath = "";
			projectRoot = "";
			targets = (
				8323C4C42A52F27F002E961A /* ZooApp */,
			);
		};
/* End PBXProject section */

/* Begin PBXResourcesBuildPhase section */
		8323C4C32A52F27F002E961A /* Resources */ = {
			isa = PBXResourcesBuildPhase;
			buildActionMask = 2147483647;
			files = (
				8323C4F22A52F63E002E961A /* animals.json in Resources */,
				8323C4F02A52F63E002E961A /* locations.json in Resources */,
				8323C4EA2A52F5E9002E961A /* rhino.mp4 in Resources */,
				8323C4D02A52F281002E961A /* Preview Assets.xcassets in Resources */,
				8323C4E32A52F5E9002E961A /* zebra.mp4 in Resources */,
				8323C4CD2A52F281002E961A /* Assets.xcassets in Resources */,
				8323C4E22A52F5E9002E961A /* ostrich.mp4 in Resources */,
				8323C4E62A52F5E9002E961A /* gorilla.mp4 in Resources */,
				8323C4F12A52F63E002E961A /* covers.json in Resources */,
				8323C4E42A52F5E9002E961A /* hippo.mp4 in Resources */,
				8323C4E12A52F5E9002E961A /* giraffe.mp4 in Resources */,
				8323C4E82A52F5E9002E961A /* lioness.mp4 in Resources */,
				8323C4E92A52F5E9002E961A /* lion.mp4 in Resources */,
				8323C4F32A52F63E002E961A /* videos.json in Resources */,
				8323C4E52A52F5E9002E961A /* cheetah.mp4 in Resources */,
				8323C4E72A52F5E9002E961A /* elephant.mp4 in Resources */,
			);
			runOnlyForDeploymentPostprocessing = 0;
		};
/* End PBXResourcesBuildPhase section */

/* Begin PBXSourcesBuildPhase section */
		8323C4C12A52F27F002E961A /* Sources */ = {
			isa = PBXSourcesBuildPhase;
			buildActionMask = 2147483647;
			files = (
				8323C5052A5300FB002E961A /* SliderModel.swift in Sources */,
				8323C50C2A5309EE002E961A /* AnimalListView.swift in Sources */,
				8323C4CB2A52F27F002E961A /* ContentView.swift in Sources */,
				8323C4FC2A52F8DD002E961A /* MainView.swift in Sources */,
				8323C50A2A53099A002E961A /* AnimalsModel.swift in Sources */,
				8323C4F82A52F8B8002E961A /* MapView.swift in Sources */,
				8323C50E2A531146002E961A /* AnimalDetail.swift in Sources */,
				8323C4C92A52F27F002E961A /* ZooAppApp.swift in Sources */,
				8323C4F62A52F8A0002E961A /* VideoListView.swift in Sources */,
				8323C4FA2A52F8D2002E961A /* GalleryView.swift in Sources */,
				8323C5022A52FCB2002E961A /* SliderView.swift in Sources */,
				8323C5082A530336002E961A /* CodableBundleExtension.swift in Sources */,
			);
			runOnlyForDeploymentPostprocessing = 0;
		};
/* End PBXSourcesBuildPhase section */

/* Begin XCBuildConfiguration section */
		8323C4D12A52F281002E961A /* Debug */ = {
			isa = XCBuildConfiguration;
			buildSettings = {
				ALWAYS_SEARCH_USER_PATHS = NO;
				CLANG_ANALYZER_NONNULL = YES;
				CLANG_ANALYZER_NUMBER_OBJECT_CONVERSION = YES_AGGRESSIVE;
				CLANG_CXX_LANGUAGE_STANDARD = "gnu++20";
				CLANG_ENABLE_MODULES = YES;
				CLANG_ENABLE_OBJC_ARC = YES;
				CLANG_ENABLE_OBJC_WEAK = YES;
				CLANG_WARN_BLOCK_CAPTURE_AUTORELEASING = YES;
				CLANG_WARN_BOOL_CONVERSION = YES;
				CLANG_WARN_COMMA = YES;
				CLANG_WARN_CONSTANT_CONVERSION = YES;
				CLANG_WARN_DEPRECATED_OBJC_IMPLEMENTATIONS = YES;
				CLANG_WARN_DIRECT_OBJC_ISA_USAGE = YES_ERROR;
				CLANG_WARN_DOCUMENTATION_COMMENTS = YES;
				CLANG_WARN_EMPTY_BODY = YES;
				CLANG_WARN_ENUM_CONVERSION = YES;
				CLANG_WARN_INFINITE_RECURSION = YES;
				CLANG_WARN_INT_CONVERSION = YES;
				CLANG_WARN_NON_LITERAL_NULL_CONVERSION = YES;
				CLANG_WARN_OBJC_IMPLICIT_RETAIN_SELF = YES;
				CLANG_WARN_OBJC_LITERAL_CONVERSION = YES;
				CLANG_WARN_OBJC_ROOT_CLASS = YES_ERROR;
				CLANG_WARN_QUOTED_INCLUDE_IN_FRAMEWORK_HEADER = YES;
				CLANG_WARN_RANGE_LOOP_ANALYSIS = YES;
				CLANG_WARN_STRICT_PROTOTYPES = YES;
				CLANG_WARN_SUSPICIOUS_MOVE = YES;
				CLANG_WARN_UNGUARDED_AVAILABILITY = YES_AGGRESSIVE;
				CLANG_WARN_UNREACHABLE_CODE = YES;
				CLANG_WARN__DUPLICATE_METHOD_MATCH = YES;
				COPY_PHASE_STRIP = NO;
				DEBUG_INFORMATION_FORMAT = dwarf;
				ENABLE_STRICT_OBJC_MSGSEND = YES;
				ENABLE_TESTABILITY = YES;
				GCC_C_LANGUAGE_STANDARD = gnu11;
				GCC_DYNAMIC_NO_PIC = NO;
				GCC_NO_COMMON_BLOCKS = YES;
				GCC_OPTIMIZATION_LEVEL = 0;
				GCC_PREPROCESSOR_DEFINITIONS = (
					"DEBUG=1",
					"$(inherited)",
				);
				GCC_WARN_64_TO_32_BIT_CONVERSION = YES;
				GCC_WARN_ABOUT_RETURN_TYPE = YES_ERROR;
				GCC_WARN_UNDECLARED_SELECTOR = YES;
				GCC_WARN_UNINITIALIZED_AUTOS = YES_AGGRESSIVE;
				GCC_WARN_UNUSED_FUNCTION = YES;
				GCC_WARN_UNUSED_VARIABLE = YES;
				IPHONEOS_DEPLOYMENT_TARGET = 16.4;
				MTL_ENABLE_DEBUG_INFO = INCLUDE_SOURCE;
				MTL_FAST_MATH = YES;
				ONLY_ACTIVE_ARCH = YES;
				SDKROOT = iphoneos;
				SWIFT_ACTIVE_COMPILATION_CONDITIONS = DEBUG;
				SWIFT_OPTIMIZATION_LEVEL = "-Onone";
			};
			name = Debug;
		};
		8323C4D22A52F281002E961A /* Release */ = {
			isa = XCBuildConfiguration;
			buildSettings = {
				ALWAYS_SEARCH_USER_PATHS = NO;
				CLANG_ANALYZER_NONNULL = YES;
				CLANG_ANALYZER_NUMBER_OBJECT_CONVERSION = YES_AGGRESSIVE;
				CLANG_CXX_LANGUAGE_STANDARD = "gnu++20";
				CLANG_ENABLE_MODULES = YES;
				CLANG_ENABLE_OBJC_ARC = YES;
				CLANG_ENABLE_OBJC_WEAK = YES;
				CLANG_WARN_BLOCK_CAPTURE_AUTORELEASING = YES;
				CLANG_WARN_BOOL_CONVERSION = YES;
				CLANG_WARN_COMMA = YES;
				CLANG_WARN_CONSTANT_CONVERSION = YES;
				CLANG_WARN_DEPRECATED_OBJC_IMPLEMENTATIONS = YES;
				CLANG_WARN_DIRECT_OBJC_ISA_USAGE = YES_ERROR;
				CLANG_WARN_DOCUMENTATION_COMMENTS = YES;
				CLANG_WARN_EMPTY_BODY = YES;
				CLANG_WARN_ENUM_CONVERSION = YES;
				CLANG_WARN_INFINITE_RECURSION = YES;
				CLANG_WARN_INT_CONVERSION = YES;
				CLANG_WARN_NON_LITERAL_NULL_CONVERSION = YES;
				CLANG_WARN_OBJC_IMPLICIT_RETAIN_SELF = YES;
				CLANG_WARN_OBJC_LITERAL_CONVERSION = YES;
				CLANG_WARN_OBJC_ROOT_CLASS = YES_ERROR;
				CLANG_WARN_QUOTED_INCLUDE_IN_FRAMEWORK_HEADER = YES;
				CLANG_WARN_RANGE_LOOP_ANALYSIS = YES;
				CLANG_WARN_STRICT_PROTOTYPES = YES;
				CLANG_WARN_SUSPICIOUS_MOVE = YES;
				CLANG_WARN_UNGUARDED_AVAILABILITY = YES_AGGRESSIVE;
				CLANG_WARN_UNREACHABLE_CODE = YES;
				CLANG_WARN__DUPLICATE_METHOD_MATCH = YES;
				COPY_PHASE_STRIP = NO;
				DEBUG_INFORMATION_FORMAT = "dwarf-with-dsym";
				ENABLE_NS_ASSERTIONS = NO;
				ENABLE_STRICT_OBJC_MSGSEND = YES;
				GCC_C_LANGUAGE_STANDARD = gnu11;
				GCC_NO_COMMON_BLOCKS = YES;
				GCC_WARN_64_TO_32_BIT_CONVERSION = YES;
				GCC_WARN_ABOUT_RETURN_TYPE = YES_ERROR;
				GCC_WARN_UNDECLARED_SELECTOR = YES;
				GCC_WARN_UNINITIALIZED_AUTOS = YES_AGGRESSIVE;
				GCC_WARN_UNUSED_FUNCTION = YES;
				GCC_WARN_UNUSED_VARIABLE = YES;
				IPHONEOS_DEPLOYMENT_TARGET = 16.4;
				MTL_ENABLE_DEBUG_INFO = NO;
				MTL_FAST_MATH = YES;
				SDKROOT = iphoneos;
				SWIFT_COMPILATION_MODE = wholemodule;
				SWIFT_OPTIMIZATION_LEVEL = "-O";
				VALIDATE_PRODUCT = YES;
			};
			name = Release;
		};
		8323C4D42A52F281002E961A /* Debug */ = {
			isa = XCBuildConfiguration;
			buildSettings = {
				ASSETCATALOG_COMPILER_APPICON_NAME = AppIcon;
				ASSETCATALOG_COMPILER_GLOBAL_ACCENT_COLOR_NAME = AccentColor;
				CODE_SIGN_STYLE = Automatic;
				CURRENT_PROJECT_VERSION = 1;
				DEVELOPMENT_ASSET_PATHS = "\"ZooApp/Preview Content\"";
				ENABLE_PREVIEWS = YES;
				GENERATE_INFOPLIST_FILE = YES;
				INFOPLIST_FILE = ZooApp/Info.plist;
				INFOPLIST_KEY_UIApplicationSceneManifest_Generation = YES;
				INFOPLIST_KEY_UIApplicationSupportsIndirectInputEvents = YES;
				INFOPLIST_KEY_UISupportedInterfaceOrientations_iPad = "UIInterfaceOrientationPortrait UIInterfaceOrientationPortraitUpsideDown UIInterfaceOrientationLandscapeLeft UIInterfaceOrientationLandscapeRight";
				INFOPLIST_KEY_UISupportedInterfaceOrientations_iPhone = "UIInterfaceOrientationPortrait UIInterfaceOrientationLandscapeLeft UIInterfaceOrientationLandscapeRight";
				INFOPLIST_KEY_UIUserInterfaceStyle = Dark;
				LD_RUNPATH_SEARCH_PATHS = (
					"$(inherited)",
					"@executable_path/Frameworks",
				);
				MARKETING_VERSION = 1.0;
				PRODUCT_BUNDLE_IDENTIFIER = com.suleymanuren.ZooApp;
				PRODUCT_NAME = "$(TARGET_NAME)";
				SWIFT_EMIT_LOC_STRINGS = YES;
				SWIFT_VERSION = 5.0;
				TARGETED_DEVICE_FAMILY = "1,2";
			};
			name = Debug;
		};
		8323C4D52A52F281002E961A /* Release */ = {
			isa = XCBuildConfiguration;
			buildSettings = {
				ASSETCATALOG_COMPILER_APPICON_NAME = AppIcon;
				ASSETCATALOG_COMPILER_GLOBAL_ACCENT_COLOR_NAME = AccentColor;
				CODE_SIGN_STYLE = Automatic;
				CURRENT_PROJECT_VERSION = 1;
				DEVELOPMENT_ASSET_PATHS = "\"ZooApp/Preview Content\"";
				ENABLE_PREVIEWS = YES;
				GENERATE_INFOPLIST_FILE = YES;
				INFOPLIST_FILE = ZooApp/Info.plist;
				INFOPLIST_KEY_UIApplicationSceneManifest_Generation = YES;
				INFOPLIST_KEY_UIApplicationSupportsIndirectInputEvents = YES;
				INFOPLIST_KEY_UISupportedInterfaceOrientations_iPad = "UIInterfaceOrientationPortrait UIInterfaceOrientationPortraitUpsideDown UIInterfaceOrientationLandscapeLeft UIInterfaceOrientationLandscapeRight";
				INFOPLIST_KEY_UISupportedInterfaceOrientations_iPhone = "UIInterfaceOrientationPortrait UIInterfaceOrientationLandscapeLeft UIInterfaceOrientationLandscapeRight";
				INFOPLIST_KEY_UIUserInterfaceStyle = Dark;
				LD_RUNPATH_SEARCH_PATHS = (
					"$(inherited)",
					"@executable_path/Frameworks",
				);
				MARKETING_VERSION = 1.0;
				PRODUCT_BUNDLE_IDENTIFIER = com.suleymanuren.ZooApp;
				PRODUCT_NAME = "$(TARGET_NAME)";
				SWIFT_EMIT_LOC_STRINGS = YES;
				SWIFT_VERSION = 5.0;
				TARGETED_DEVICE_FAMILY = "1,2";
			};
			name = Release;
		};
/* End XCBuildConfiguration section */

/* Begin XCConfigurationList section */
		8323C4C02A52F27F002E961A /* Build configuration list for PBXProject "ZooApp" */ = {
			isa = XCConfigurationList;
			buildConfigurations = (
				8323C4D12A52F281002E961A /* Debug */,
				8323C4D22A52F281002E961A /* Release */,
			);
			defaultConfigurationIsVisible = 0;
			defaultConfigurationName = Release;
		};
		8323C4D32A52F281002E961A /* Build configuration list for PBXNativeTarget "ZooApp" */ = {
			isa = XCConfigurationList;
			buildConfigurations = (
				8323C4D42A52F281002E961A /* Debug */,
				8323C4D52A52F281002E961A /* Release */,
			);
			defaultConfigurationIsVisible = 0;
			defaultConfigurationName = Release;
		};
/* End XCConfigurationList section */
	};
	rootObject = 8323C4BD2A52F27F002E961A /* Project object */;
}
